
Microsoft Visual Studio Solution File, Format Version 12.00
# Visual Studio 15
VisualStudioVersion = 15.0.27703.2042
MinimumVisualStudioVersion = 10.0.40219.1
Project("{FAE04EC0-301F-11D3-BF4B-00C04F79EFBC}") = "PwF.Android", "PwF\PwF.Android\PwF.Android.csproj", "{F943BBF4-8ECC-45C4-A3FD-A323450DFAEC}"
EndProject
Project("{FAE04EC0-301F-11D3-BF4B-00C04F79EFBC}") = "PwF.iOS", "PwF\PwF.iOS\PwF.iOS.csproj", "{0C21D375-71FA-433B-90F1-721E3E96E598}"
EndProject
Project("{9A19103F-16F7-4668-BE54-9A1E7A4F7556}") = "PwF", "PwF\PwF\PwF.csproj", "{0562C87C-7250-47F8-BB26-BE7FB7EBAB9F}"
EndProject
Project("{FAE04EC0-301F-11D3-BF4B-00C04F79EFBC}") = "Pwf.Test", "Pwf.Test\Pwf.Test.csproj", "{B19C892E-2628-4CA7-AD27-08D406A3B14B}"
EndProject
Global
	GlobalSection(SolutionConfigurationPlatforms) = preSolution
		Ad-Hoc|Any CPU = Ad-Hoc|Any CPU
		Ad-Hoc|iPhone = Ad-Hoc|iPhone
		Ad-Hoc|iPhoneSimulator = Ad-Hoc|iPhoneSimulator
		AppStore|Any CPU = AppStore|Any CPU
		AppStore|iPhone = AppStore|iPhone
		AppStore|iPhoneSimulator = AppStore|iPhoneSimulator
		Debug|Any CPU = Debug|Any CPU
		Debug|iPhone = Debug|iPhone
		Debug|iPhoneSimulator = Debug|iPhoneSimulator
		Release|Any CPU = Release|Any CPU
		Release|iPhone = Release|iPhone
		Release|iPhoneSimulator = Release|iPhoneSimulator
	EndGlobalSection
	GlobalSection(ProjectConfigurationPlatforms) = postSolution
		{F943BBF4-8ECC-45C4-A3FD-A323450DFAEC}.Ad-Hoc|Any CPU.ActiveCfg = Release|Any CPU
		{F943BBF4-8ECC-45C4-A3FD-A323450DFAEC}.Ad-Hoc|Any CPU.Build.0 = Release|Any CPU
		{F943BBF4-8ECC-45C4-A3FD-A323450DFAEC}.Ad-Hoc|Any CPU.Deploy.0 = Release|Any CPU
		{F943BBF4-8ECC-45C4-A3FD-A323450DFAEC}.Ad-Hoc|iPhone.ActiveCfg = Release|Any CPU
		{F943BBF4-8ECC-45C4-A3FD-A323450DFAEC}.Ad-Hoc|iPhone.Build.0 = Release|Any CPU
		{F943BBF4-8ECC-45C4-A3FD-A323450DFAEC}.Ad-Hoc|iPhone.Deploy.0 = Release|Any CPU
		{F943BBF4-8ECC-45C4-A3FD-A323450DFAEC}.Ad-Hoc|iPhoneSimulator.ActiveCfg = Release|Any CPU
		{F943BBF4-8ECC-45C4-A3FD-A323450DFAEC}.Ad-Hoc|iPhoneSimulator.Build.0 = Release|Any CPU
		{F943BBF4-8ECC-45C4-A3FD-A323450DFAEC}.Ad-Hoc|iPhoneSimulator.Deploy.0 = Release|Any CPU
		{F943BBF4-8ECC-45C4-A3FD-A323450DFAEC}.AppStore|Any CPU.ActiveCfg = Release|Any CPU
		{F943BBF4-8ECC-45C4-A3FD-A323450DFAEC}.AppStore|Any CPU.Build.0 = Release|Any CPU
		{F943BBF4-8ECC-45C4-A3FD-A323450DFAEC}.AppStore|Any CPU.Deploy.0 = Release|Any CPU
		{F943BBF4-8ECC-45C4-A3FD-A323450DFAEC}.AppStore|iPhone.ActiveCfg = Release|Any CPU
		{F943BBF4-8ECC-45C4-A3FD-A323450DFAEC}.AppStore|iPhone.Build.0 = Release|Any CPU
		{F943BBF4-8ECC-45C4-A3FD-A323450DFAEC}.AppStore|iPhone.Deploy.0 = Release|Any CPU
		{F943BBF4-8ECC-45C4-A3FD-A323450DFAEC}.AppStore|iPhoneSimulator.ActiveCfg = Release|Any CPU
		{F943BBF4-8ECC-45C4-A3FD-A323450DFAEC}.AppStore|iPhoneSimulator.Build.0 = Release|Any CPU
		{F943BBF4-8ECC-45C4-A3FD-A323450DFAEC}.AppStore|iPhoneSimulator.Deploy.0 = Release|Any CPU
		{F943BBF4-8ECC-45C4-A3FD-A323450DFAEC}.Debug|Any CPU.ActiveCfg = Debug|Any CPU
		{F943BBF4-8ECC-45C4-A3FD-A323450DFAEC}.Debug|Any CPU.Build.0 = Debug|Any CPU
		{F943BBF4-8ECC-45C4-A3FD-A323450DFAEC}.Debug|Any CPU.Deploy.0 = Debug|Any CPU
		{F943BBF4-8ECC-45C4-A3FD-A323450DFAEC}.Debug|iPhone.ActiveCfg = Debug|Any CPU
		{F943BBF4-8ECC-45C4-A3FD-A323450DFAEC}.Debug|iPhone.Build.0 = Debug|Any CPU
		{F943BBF4-8ECC-45C4-A3FD-A323450DFAEC}.Debug|iPhone.Deploy.0 = Debug|Any CPU
		{F943BBF4-8ECC-45C4-A3FD-A323450DFAEC}.Debug|iPhoneSimulator.ActiveCfg = Debug|Any CPU
		{F943BBF4-8ECC-45C4-A3FD-A323450DFAEC}.Debug|iPhoneSimulator.Build.0 = Debug|Any CPU
		{F943BBF4-8ECC-45C4-A3FD-A323450DFAEC}.Debug|iPhoneSimulator.Deploy.0 = Debug|Any CPU
		{F943BBF4-8ECC-45C4-A3FD-A323450DFAEC}.Release|Any CPU.ActiveCfg = Release|Any CPU
		{F943BBF4-8ECC-45C4-A3FD-A323450DFAEC}.Release|Any CPU.Build.0 = Release|Any CPU
		{F943BBF4-8ECC-45C4-A3FD-A323450DFAEC}.Release|Any CPU.Deploy.0 = Release|Any CPU
		{F943BBF4-8ECC-45C4-A3FD-A323450DFAEC}.Release|iPhone.ActiveCfg = Release|Any CPU
		{F943BBF4-8ECC-45C4-A3FD-A323450DFAEC}.Release|iPhone.Build.0 = Release|Any CPU
		{F943BBF4-8ECC-45C4-A3FD-A323450DFAEC}.Release|iPhone.Deploy.0 = Release|Any CPU
		{F943BBF4-8ECC-45C4-A3FD-A323450DFAEC}.Release|iPhoneSimulator.ActiveCfg = Release|Any CPU
		{F943BBF4-8ECC-45C4-A3FD-A323450DFAEC}.Release|iPhoneSimulator.Build.0 = Release|Any CPU
		{F943BBF4-8ECC-45C4-A3FD-A323450DFAEC}.Release|iPhoneSimulator.Deploy.0 = Release|Any CPU
		{0C21D375-71FA-433B-90F1-721E3E96E598}.Ad-Hoc|Any CPU.ActiveCfg = Ad-Hoc|iPhone
		{0C21D375-71FA-433B-90F1-721E3E96E598}.Ad-Hoc|Any CPU.Build.0 = Ad-Hoc|iPhone
		{0C21D375-71FA-433B-90F1-721E3E96E598}.Ad-Hoc|Any CPU.Deploy.0 = Ad-Hoc|iPhone
		{0C21D375-71FA-433B-90F1-721E3E96E598}.Ad-Hoc|iPhone.ActiveCfg = Ad-Hoc|iPhone
		{0C21D375-71FA-433B-90F1-721E3E96E598}.Ad-Hoc|iPhone.Build.0 = Ad-Hoc|iPhone
		{0C21D375-71FA-433B-90F1-721E3E96E598}.Ad-Hoc|iPhone.Deploy.0 = Ad-Hoc|iPhone
		{0C21D375-71FA-433B-90F1-721E3E96E598}.Ad-Hoc|iPhoneSimulator.ActiveCfg = Ad-Hoc|iPhoneSimulator
		{0C21D375-71FA-433B-90F1-721E3E96E598}.Ad-Hoc|iPhoneSimulator.Build.0 = Ad-Hoc|iPhoneSimulator
		{0C21D375-71FA-433B-90F1-721E3E96E598}.Ad-Hoc|iPhoneSimulator.Deploy.0 = Ad-Hoc|iPhoneSimulator
		{0C21D375-71FA-433B-90F1-721E3E96E598}.AppStore|Any CPU.ActiveCfg = AppStore|iPhone
		{0C21D375-71FA-433B-90F1-721E3E96E598}.AppStore|Any CPU.Build.0 = AppStore|iPhone
		{0C21D375-71FA-433B-90F1-721E3E96E598}.AppStore|Any CPU.Deploy.0 = AppStore|iPhone
		{0C21D375-71FA-433B-90F1-721E3E96E598}.AppStore|iPhone.ActiveCfg = AppStore|iPhone
		{0C21D375-71FA-433B-90F1-721E3E96E598}.AppStore|iPhone.Build.0 = AppStore|iPhone
		{0C21D375-71FA-433B-90F1-721E3E96E598}.AppStore|iPhone.Deploy.0 = AppStore|iPhone
		{0C21D375-71FA-433B-90F1-721E3E96E598}.AppStore|iPhoneSimulator.ActiveCfg = AppStore|iPhoneSimulator
		{0C21D375-71FA-433B-90F1-721E3E96E598}.AppStore|iPhoneSimulator.Build.0 = AppStore|iPhoneSimulator
		{0C21D375-71FA-433B-90F1-721E3E96E598}.AppStore|iPhoneSimulator.Deploy.0 = AppStore|iPhoneSimulator
		{0C21D375-71FA-433B-90F1-721E3E96E598}.Debug|Any CPU.ActiveCfg = Debug|iPhoneSimulator
		{0C21D375-71FA-433B-90F1-721E3E96E598}.Debug|Any CPU.Build.0 = Debug|iPhoneSimulator
		{0C21D375-71FA-433B-90F1-721E3E96E598}.Debug|Any CPU.Deploy.0 = Debug|iPhoneSimulator
		{0C21D375-71FA-433B-90F1-721E3E96E598}.Debug|iPhone.ActiveCfg = Debug|iPhone
		{0C21D375-71FA-433B-90F1-721E3E96E598}.Debug|iPhone.Build.0 = Debug|iPhone
		{0C21D375-71FA-433B-90F1-721E3E96E598}.Debug|iPhone.Deploy.0 = Debug|iPhone
		{0C21D375-71FA-433B-90F1-721E3E96E598}.Debug|iPhoneSimulator.ActiveCfg = Debug|iPhoneSimulator
		{0C21D375-71FA-433B-90F1-721E3E96E598}.Debug|iPhoneSimulator.Build.0 = Debug|iPhoneSimulator
		{0C21D375-71FA-433B-90F1-721E3E96E598}.Debug|iPhoneSimulator.Deploy.0 = Debug|iPhoneSimulator
		{0C21D375-71FA-433B-90F1-721E3E96E598}.Release|Any CPU.ActiveCfg = Release|iPhone
		{0C21D375-71FA-433B-90F1-721E3E96E598}.Release|Any CPU.Build.0 = Release|iPhone
		{0C21D375-71FA-433B-90F1-721E3E96E598}.Release|Any CPU.Deploy.0 = Release|iPhone
		{0C21D375-71FA-433B-90F1-721E3E96E598}.Release|iPhone.ActiveCfg = Release|iPhone
		{0C21D375-71FA-433B-90F1-721E3E96E598}.Release|iPhone.Build.0 = Release|iPhone
		{0C21D375-71FA-433B-90F1-721E3E96E598}.Release|iPhone.Deploy.0 = Release|iPhone
		{0C21D375-71FA-433B-90F1-721E3E96E598}.Release|iPhoneSimulator.ActiveCfg = Release|iPhoneSimulator
		{0C21D375-71FA-433B-90F1-721E3E96E598}.Release|iPhoneSimulator.Build.0 = Release|iPhoneSimulator
		{0C21D375-71FA-433B-90F1-721E3E96E598}.Release|iPhoneSimulator.Deploy.0 = Release|iPhoneSimulator
		{0562C87C-7250-47F8-BB26-BE7FB7EBAB9F}.Ad-Hoc|Any CPU.ActiveCfg = Debug|Any CPU
		{0562C87C-7250-47F8-BB26-BE7FB7EBAB9F}.Ad-Hoc|Any CPU.Build.0 = Debug|Any CPU
		{0562C87C-7250-47F8-BB26-BE7FB7EBAB9F}.Ad-Hoc|Any CPU.Deploy.0 = Debug|Any CPU
		{0562C87C-7250-47F8-BB26-BE7FB7EBAB9F}.Ad-Hoc|iPhone.ActiveCfg = Debug|Any CPU
		{0562C87C-7250-47F8-BB26-BE7FB7EBAB9F}.Ad-Hoc|iPhone.Build.0 = Debug|Any CPU
		{0562C87C-7250-47F8-BB26-BE7FB7EBAB9F}.Ad-Hoc|iPhone.Deploy.0 = Debug|Any CPU
		{0562C87C-7250-47F8-BB26-BE7FB7EBAB9F}.Ad-Hoc|iPhoneSimulator.ActiveCfg = Debug|Any CPU
		{0562C87C-7250-47F8-BB26-BE7FB7EBAB9F}.Ad-Hoc|iPhoneSimulator.Build.0 = Debug|Any CPU
		{0562C87C-7250-47F8-BB26-BE7FB7EBAB9F}.Ad-Hoc|iPhoneSimulator.Deploy.0 = Debug|Any CPU
		{0562C87C-7250-47F8-BB26-BE7FB7EBAB9F}.AppStore|Any CPU.ActiveCfg = Debug|Any CPU
		{0562C87C-7250-47F8-BB26-BE7FB7EBAB9F}.AppStore|Any CPU.Build.0 = Debug|Any CPU
		{0562C87C-7250-47F8-BB26-BE7FB7EBAB9F}.AppStore|Any CPU.Deploy.0 = Debug|Any CPU
		{0562C87C-7250-47F8-BB26-BE7FB7EBAB9F}.AppStore|iPhone.ActiveCfg = Debug|Any CPU
		{0562C87C-7250-47F8-BB26-BE7FB7EBAB9F}.AppStore|iPhone.Build.0 = Debug|Any CPU
		{0562C87C-7250-47F8-BB26-BE7FB7EBAB9F}.AppStore|iPhone.Deploy.0 = Debug|Any CPU
		{0562C87C-7250-47F8-BB26-BE7FB7EBAB9F}.AppStore|iPhoneSimulator.ActiveCfg = Debug|Any CPU
		{0562C87C-7250-47F8-BB26-BE7FB7EBAB9F}.AppStore|iPhoneSimulator.Build.0 = Debug|Any CPU
		{0562C87C-7250-47F8-BB26-BE7FB7EBAB9F}.AppStore|iPhoneSimulator.Deploy.0 = Debug|Any CPU
		{0562C87C-7250-47F8-BB26-BE7FB7EBAB9F}.Debug|Any CPU.ActiveCfg = Debug|Any CPU
		{0562C87C-7250-47F8-BB26-BE7FB7EBAB9F}.Debug|Any CPU.Build.0 = Debug|Any CPU
		{0562C87C-7250-47F8-BB26-BE7FB7EBAB9F}.Debug|Any CPU.Deploy.0 = Debug|Any CPU
		{0562C87C-7250-47F8-BB26-BE7FB7EBAB9F}.Debug|iPhone.ActiveCfg = Debug|Any CPU
		{0562C87C-7250-47F8-BB26-BE7FB7EBAB9F}.Debug|iPhone.Build.0 = Debug|Any CPU
		{0562C87C-7250-47F8-BB26-BE7FB7EBAB9F}.Debug|iPhone.Deploy.0 = Debug|Any CPU
		{0562C87C-7250-47F8-BB26-BE7FB7EBAB9F}.Debug|iPhoneSimulator.ActiveCfg = Debug|Any CPU
		{0562C87C-7250-47F8-BB26-BE7FB7EBAB9F}.Debug|iPhoneSimulator.Build.0 = Debug|Any CPU
		{0562C87C-7250-47F8-BB26-BE7FB7EBAB9F}.Debug|iPhoneSimulator.Deploy.0 = Debug|Any CPU
		{0562C87C-7250-47F8-BB26-BE7FB7EBAB9F}.Release|Any CPU.ActiveCfg = Release|Any CPU
		{0562C87C-7250-47F8-BB26-BE7FB7EBAB9F}.Release|Any CPU.Build.0 = Release|Any CPU
		{0562C87C-7250-47F8-BB26-BE7FB7EBAB9F}.Release|Any CPU.Deploy.0 = Release|Any CPU
		{0562C87C-7250-47F8-BB26-BE7FB7EBAB9F}.Release|iPhone.ActiveCfg = Release|Any CPU
		{0562C87C-7250-47F8-BB26-BE7FB7EBAB9F}.Release|iPhone.Build.0 = Release|Any CPU
		{0562C87C-7250-47F8-BB26-BE7FB7EBAB9F}.Release|iPhone.Deploy.0 = Release|Any CPU
		{0562C87C-7250-47F8-BB26-BE7FB7EBAB9F}.Release|iPhoneSimulator.ActiveCfg = Release|Any CPU
		{0562C87C-7250-47F8-BB26-BE7FB7EBAB9F}.Release|iPhoneSimulator.Build.0 = Release|Any CPU
		{0562C87C-7250-47F8-BB26-BE7FB7EBAB9F}.Release|iPhoneSimulator.Deploy.0 = Release|Any CPU
		{B19C892E-2628-4CA7-AD27-08D406A3B14B}.Ad-Hoc|Any CPU.ActiveCfg = Release|Any CPU
		{B19C892E-2628-4CA7-AD27-08D406A3B14B}.Ad-Hoc|Any CPU.Build.0 = Release|Any CPU
		{B19C892E-2628-4CA7-AD27-08D406A3B14B}.Ad-Hoc|iPhone.ActiveCfg = Release|Any CPU
		{B19C892E-2628-4CA7-AD27-08D406A3B14B}.Ad-Hoc|iPhone.Build.0 = Release|Any CPU
		{B19C892E-2628-4CA7-AD27-08D406A3B14B}.Ad-Hoc|iPhoneSimulator.ActiveCfg = Release|Any CPU
		{B19C892E-2628-4CA7-AD27-08D406A3B14B}.Ad-Hoc|iPhoneSimulator.Build.0 = Release|Any CPU
		{B19C892E-2628-4CA7-AD27-08D406A3B14B}.AppStore|Any CPU.ActiveCfg = Release|Any CPU
		{B19C892E-2628-4CA7-AD27-08D406A3B14B}.AppStore|Any CPU.Build.0 = Release|Any CPU
		{B19C892E-2628-4CA7-AD27-08D406A3B14B}.AppStore|iPhone.ActiveCfg = Release|Any CPU
		{B19C892E-2628-4CA7-AD27-08D406A3B14B}.AppStore|iPhone.Build.0 = Release|Any CPU
		{B19C892E-2628-4CA7-AD27-08D406A3B14B}.AppStore|iPhoneSimulator.ActiveCfg = Release|Any CPU
		{B19C892E-2628-4CA7-AD27-08D406A3B14B}.AppStore|iPhoneSimulator.Build.0 = Release|Any CPU
		{B19C892E-2628-4CA7-AD27-08D406A3B14B}.Debug|Any CPU.ActiveCfg = Debug|Any CPU
		{B19C892E-2628-4CA7-AD27-08D406A3B14B}.Debug|Any CPU.Build.0 = Debug|Any CPU
		{B19C892E-2628-4CA7-AD27-08D406A3B14B}.Debug|iPhone.ActiveCfg = Debug|Any CPU
		{B19C892E-2628-4CA7-AD27-08D406A3B14B}.Debug|iPhone.Build.0 = Debug|Any CPU
		{B19C892E-2628-4CA7-AD27-08D406A3B14B}.Debug|iPhoneSimulator.ActiveCfg = Debug|Any CPU
		{B19C892E-2628-4CA7-AD27-08D406A3B14B}.Debug|iPhoneSimulator.Build.0 = Debug|Any CPU
		{B19C892E-2628-4CA7-AD27-08D406A3B14B}.Release|Any CPU.ActiveCfg = Release|Any CPU
		{B19C892E-2628-4CA7-AD27-08D406A3B14B}.Release|Any CPU.Build.0 = Release|Any CPU
		{B19C892E-2628-4CA7-AD27-08D406A3B14B}.Release|iPhone.ActiveCfg = Release|Any CPU
		{B19C892E-2628-4CA7-AD27-08D406A3B14B}.Release|iPhone.Build.0 = Release|Any CPU
		{B19C892E-2628-4CA7-AD27-08D406A3B14B}.Release|iPhoneSimulator.ActiveCfg = Release|Any CPU
		{B19C892E-2628-4CA7-AD27-08D406A3B14B}.Release|iPhoneSimulator.Build.0 = Release|Any CPU
	EndGlobalSection
	GlobalSection(SolutionProperties) = preSolution
		HideSolutionNode = FALSE
	EndGlobalSection
	GlobalSection(ExtensibilityGlobals) = postSolution
		SolutionGuid = {EA6AB6AB-6B81-42DD-A3A2-16EC953215F5}
	EndGlobalSection
EndGlobal
